
Microsoft Visual Studio Solution File, Format Version 12.00
# Visual Studio Version 17
VisualStudioVersion = 17.7.34024.191
MinimumVisualStudioVersion = 10.0.40219.1
Project("{9A19103F-16F7-4668-BE54-9A1E7A4F7556}") = "TopMovies.Web", "TopMovies\TopMovies.Web.csproj", "{FC1F068A-0136-4CF5-92C0-C56BBC0765F5}"
EndProject
Project("{9A19103F-16F7-4668-BE54-9A1E7A4F7556}") = "TopMovies.Web.ViewModels", "TopMovies.Web.ViewModels\TopMovies.Web.ViewModels.csproj", "{5B31A099-50B8-41F6-B9D9-0E6B0893221C}"
EndProject
Project("{2150E333-8FDC-42A3-9474-1A3956D46DE8}") = "Web", "Web", "{2DFF458D-E093-4434-A81F-75FE790F5090}"
EndProject
Project("{2150E333-8FDC-42A3-9474-1A3956D46DE8}") = "Data", "Data", "{F7CD215E-11D5-4FB5-B67C-17BF29BC8751}"
EndProject
Project("{9A19103F-16F7-4668-BE54-9A1E7A4F7556}") = "TopMovies.Data.Models", "TopMovies.Data.Models\TopMovies.Data.Models.csproj", "{8FE4BE72-57EE-46F4-9362-CD8E29F40EC5}"
EndProject
Project("{2150E333-8FDC-42A3-9474-1A3956D46DE8}") = "Services", "Services", "{FAA628C0-00DB-44AB-A60B-C43D713107A5}"
EndProject
Project("{2150E333-8FDC-42A3-9474-1A3956D46DE8}") = "Tests", "Tests", "{AEF04E59-1DCF-407D-8A0A-CA64D3CF0F00}"
EndProject
Project("{9A19103F-16F7-4668-BE54-9A1E7A4F7556}") = "TopMovies.Data", "TopMovies.Data\TopMovies.Data.csproj", "{9F4A5136-FA57-46F1-8935-09D0300B9509}"
EndProject
Project("{2150E333-8FDC-42A3-9474-1A3956D46DE8}") = "Common", "Common", "{30BBB3C8-C2AE-4C39-A312-BC493E2BE04E}"
EndProject
Project("{9A19103F-16F7-4668-BE54-9A1E7A4F7556}") = "TopMovies.Common", "TopMovies.Common\TopMovies.Common.csproj", "{0DCB2747-AD1E-4FA1-9425-613D7FEC145E}"
EndProject
Project("{9A19103F-16F7-4668-BE54-9A1E7A4F7556}") = "TopMovies.Services.Data", "TopMovies.Services.Data\TopMovies.Services.Data.csproj", "{60C06832-99C4-4567-89E8-36053481F078}"
EndProject
Project("{FAE04EC0-301F-11D3-BF4B-00C04F79EFBC}") = "TopMovies.Services.Mapping", "TopMovies.Services.Mapping\TopMovies.Services.Mapping.csproj", "{6833837D-D477-46B9-BF9B-150B8D3CD513}"
EndProject
Global
	GlobalSection(SolutionConfigurationPlatforms) = preSolution
		Debug|Any CPU = Debug|Any CPU
		Release|Any CPU = Release|Any CPU
	EndGlobalSection
	GlobalSection(ProjectConfigurationPlatforms) = postSolution
		{FC1F068A-0136-4CF5-92C0-C56BBC0765F5}.Debug|Any CPU.ActiveCfg = Debug|Any CPU
		{FC1F068A-0136-4CF5-92C0-C56BBC0765F5}.Debug|Any CPU.Build.0 = Debug|Any CPU
		{FC1F068A-0136-4CF5-92C0-C56BBC0765F5}.Release|Any CPU.ActiveCfg = Release|Any CPU
		{FC1F068A-0136-4CF5-92C0-C56BBC0765F5}.Release|Any CPU.Build.0 = Release|Any CPU
		{5B31A099-50B8-41F6-B9D9-0E6B0893221C}.Debug|Any CPU.ActiveCfg = Debug|Any CPU
		{5B31A099-50B8-41F6-B9D9-0E6B0893221C}.Debug|Any CPU.Build.0 = Debug|Any CPU
		{5B31A099-50B8-41F6-B9D9-0E6B0893221C}.Release|Any CPU.ActiveCfg = Release|Any CPU
		{5B31A099-50B8-41F6-B9D9-0E6B0893221C}.Release|Any CPU.Build.0 = Release|Any CPU
		{8FE4BE72-57EE-46F4-9362-CD8E29F40EC5}.Debug|Any CPU.ActiveCfg = Debug|Any CPU
		{8FE4BE72-57EE-46F4-9362-CD8E29F40EC5}.Debug|Any CPU.Build.0 = Debug|Any CPU
		{8FE4BE72-57EE-46F4-9362-CD8E29F40EC5}.Release|Any CPU.ActiveCfg = Release|Any CPU
		{8FE4BE72-57EE-46F4-9362-CD8E29F40EC5}.Release|Any CPU.Build.0 = Release|Any CPU
		{9F4A5136-FA57-46F1-8935-09D0300B9509}.Debug|Any CPU.ActiveCfg = Debug|Any CPU
		{9F4A5136-FA57-46F1-8935-09D0300B9509}.Debug|Any CPU.Build.0 = Debug|Any CPU
		{9F4A5136-FA57-46F1-8935-09D0300B9509}.Release|Any CPU.ActiveCfg = Release|Any CPU
		{9F4A5136-FA57-46F1-8935-09D0300B9509}.Release|Any CPU.Build.0 = Release|Any CPU
		{0DCB2747-AD1E-4FA1-9425-613D7FEC145E}.Debug|Any CPU.ActiveCfg = Debug|Any CPU
		{0DCB2747-AD1E-4FA1-9425-613D7FEC145E}.Debug|Any CPU.Build.0 = Debug|Any CPU
		{0DCB2747-AD1E-4FA1-9425-613D7FEC145E}.Release|Any CPU.ActiveCfg = Release|Any CPU
		{0DCB2747-AD1E-4FA1-9425-613D7FEC145E}.Release|Any CPU.Build.0 = Release|Any CPU
		{60C06832-99C4-4567-89E8-36053481F078}.Debug|Any CPU.ActiveCfg = Debug|Any CPU
		{60C06832-99C4-4567-89E8-36053481F078}.Debug|Any CPU.Build.0 = Debug|Any CPU
		{60C06832-99C4-4567-89E8-36053481F078}.Release|Any CPU.ActiveCfg = Release|Any CPU
		{60C06832-99C4-4567-89E8-36053481F078}.Release|Any CPU.Build.0 = Release|Any CPU
		{6833837D-D477-46B9-BF9B-150B8D3CD513}.Debug|Any CPU.ActiveCfg = Debug|Any CPU
		{6833837D-D477-46B9-BF9B-150B8D3CD513}.Debug|Any CPU.Build.0 = Debug|Any CPU
		{6833837D-D477-46B9-BF9B-150B8D3CD513}.Release|Any CPU.ActiveCfg = Release|Any CPU
		{6833837D-D477-46B9-BF9B-150B8D3CD513}.Release|Any CPU.Build.0 = Release|Any CPU
	EndGlobalSection
	GlobalSection(SolutionProperties) = preSolution
		HideSolutionNode = FALSE
	EndGlobalSection
	GlobalSection(NestedProjects) = preSolution
		{FC1F068A-0136-4CF5-92C0-C56BBC0765F5} = {2DFF458D-E093-4434-A81F-75FE790F5090}
		{5B31A099-50B8-41F6-B9D9-0E6B0893221C} = {2DFF458D-E093-4434-A81F-75FE790F5090}
		{8FE4BE72-57EE-46F4-9362-CD8E29F40EC5} = {F7CD215E-11D5-4FB5-B67C-17BF29BC8751}
		{9F4A5136-FA57-46F1-8935-09D0300B9509} = {F7CD215E-11D5-4FB5-B67C-17BF29BC8751}
		{0DCB2747-AD1E-4FA1-9425-613D7FEC145E} = {30BBB3C8-C2AE-4C39-A312-BC493E2BE04E}
		{60C06832-99C4-4567-89E8-36053481F078} = {FAA628C0-00DB-44AB-A60B-C43D713107A5}
		{6833837D-D477-46B9-BF9B-150B8D3CD513} = {FAA628C0-00DB-44AB-A60B-C43D713107A5}
	EndGlobalSection
	GlobalSection(ExtensibilityGlobals) = postSolution
		SolutionGuid = {802BF44B-A552-4B3B-8A8A-02D02FB69A8D}
	EndGlobalSection
EndGlobal
